// !$*UTF8*$!
{
	archiveVersion = 1;
	classes = {
	};
	objectVersion = 46;
	objects = {

/* Begin PBXBuildFile section */
		637E61CE1903395200A1350C /* Foundation.framework in Frameworks */ = {isa = PBXBuildFile; fileRef = 637E61CD1903395200A1350C /* Foundation.framework */; };
		637E61D01903395200A1350C /* CoreGraphics.framework in Frameworks */ = {isa = PBXBuildFile; fileRef = 637E61CF1903395200A1350C /* CoreGraphics.framework */; };
		637E61D21903395200A1350C /* UIKit.framework in Frameworks */ = {isa = PBXBuildFile; fileRef = 637E61D11903395200A1350C /* UIKit.framework */; };
		637E61D81903395200A1350C /* InfoPlist.strings in Resources */ = {isa = PBXBuildFile; fileRef = 637E61D61903395200A1350C /* InfoPlist.strings */; };
		637E61DA1903395200A1350C /* main.m in Sources */ = {isa = PBXBuildFile; fileRef = 637E61D91903395200A1350C /* main.m */; };
		637E61DE1903395200A1350C /* JDAppDelegate.m in Sources */ = {isa = PBXBuildFile; fileRef = 637E61DD1903395200A1350C /* JDAppDelegate.m */; };
		637E61E11903395200A1350C /* Main.storyboard in Resources */ = {isa = PBXBuildFile; fileRef = 637E61DF1903395200A1350C /* Main.storyboard */; };
		637E61E41903395200A1350C /* JDViewController.m in Sources */ = {isa = PBXBuildFile; fileRef = 637E61E31903395200A1350C /* JDViewController.m */; };
		637E61E61903395200A1350C /* Images.xcassets in Resources */ = {isa = PBXBuildFile; fileRef = 637E61E51903395200A1350C /* Images.xcassets */; };
		637E61ED1903395200A1350C /* XCTest.framework in Frameworks */ = {isa = PBXBuildFile; fileRef = 637E61EC1903395200A1350C /* XCTest.framework */; };
		637E61EE1903395200A1350C /* Foundation.framework in Frameworks */ = {isa = PBXBuildFile; fileRef = 637E61CD1903395200A1350C /* Foundation.framework */; };
		637E61EF1903395200A1350C /* UIKit.framework in Frameworks */ = {isa = PBXBuildFile; fileRef = 637E61D11903395200A1350C /* UIKit.framework */; };
		637E61F71903395200A1350C /* InfoPlist.strings in Resources */ = {isa = PBXBuildFile; fileRef = 637E61F51903395200A1350C /* InfoPlist.strings */; };
		637E61F91903395200A1350C /* Money_ConverterTests.m in Sources */ = {isa = PBXBuildFile; fileRef = 637E61F81903395200A1350C /* Money_ConverterTests.m */; };
/* End PBXBuildFile section */

/* Begin PBXContainerItemProxy section */
		637E61F01903395200A1350C /* PBXContainerItemProxy */ = {
			isa = PBXContainerItemProxy;
			containerPortal = 637E61C21903395200A1350C /* Project object */;
			proxyType = 1;
			remoteGlobalIDString = 637E61C91903395200A1350C;
			remoteInfo = "Money Converter";
		};
/* End PBXContainerItemProxy section */

/* Begin PBXFileReference section */
		637E61CA1903395200A1350C /* Money Converter.app */ = {isa = PBXFileReference; explicitFileType = wrapper.application; includeInIndex = 0; path = "Money Converter.app"; sourceTree = BUILT_PRODUCTS_DIR; };
		637E61CD1903395200A1350C /* Foundation.framework */ = {isa = PBXFileReference; lastKnownFileType = wrapper.framework; name = Foundation.framework; path = System/Library/Frameworks/Foundation.framework; sourceTree = SDKROOT; };
		637E61CF1903395200A1350C /* CoreGraphics.framework */ = {isa = PBXFileReference; lastKnownFileType = wrapper.framework; name = CoreGraphics.framework; path = System/Library/Frameworks/CoreGraphics.framework; sourceTree = SDKROOT; };
		637E61D11903395200A1350C /* UIKit.framework */ = {isa = PBXFileReference; lastKnownFileType = wrapper.framework; name = UIKit.framework; path = System/Library/Frameworks/UIKit.framework; sourceTree = SDKROOT; };
		637E61D51903395200A1350C /* Money Converter-Info.plist */ = {isa = PBXFileReference; lastKnownFileType = text.plist.xml; path = "Money Converter-Info.plist"; sourceTree = "<group>"; };
		637E61D71903395200A1350C /* en */ = {isa = PBXFileReference; lastKnownFileType = text.plist.strings; name = en; path = en.lproj/InfoPlist.strings; sourceTree = "<group>"; };
		637E61D91903395200A1350C /* main.m */ = {isa = PBXFileReference; lastKnownFileType = sourcecode.c.objc; path = main.m; sourceTree = "<group>"; };
		637E61DB1903395200A1350C /* Money Converter-Prefix.pch */ = {isa = PBXFileReference; lastKnownFileType = sourcecode.c.h; path = "Money Converter-Prefix.pch"; sourceTree = "<group>"; };
		637E61DC1903395200A1350C /* JDAppDelegate.h */ = {isa = PBXFileReference; lastKnownFileType = sourcecode.c.h; path = JDAppDelegate.h; sourceTree = "<group>"; };
		637E61DD1903395200A1350C /* JDAppDelegate.m */ = {isa = PBXFileReference; lastKnownFileType = sourcecode.c.objc; path = JDAppDelegate.m; sourceTree = "<group>"; };
		637E61E01903395200A1350C /* Base */ = {isa = PBXFileReference; lastKnownFileType = file.storyboard; name = Base; path = Base.lproj/Main.storyboard; sourceTree = "<group>"; };
		637E61E21903395200A1350C /* JDViewController.h */ = {isa = PBXFileReference; lastKnownFileType = sourcecode.c.h; path = JDViewController.h; sourceTree = "<group>"; };
		637E61E31903395200A1350C /* JDViewController.m */ = {isa = PBXFileReference; lastKnownFileType = sourcecode.c.objc; path = JDViewController.m; sourceTree = "<group>"; };
		637E61E51903395200A1350C /* Images.xcassets */ = {isa = PBXFileReference; lastKnownFileType = folder.assetcatalog; path = Images.xcassets; sourceTree = "<group>"; };
		637E61EB1903395200A1350C /* Money ConverterTests.xctest */ = {isa = PBXFileReference; explicitFileType = wrapper.cfbundle; includeInIndex = 0; path = "Money ConverterTests.xctest"; sourceTree = BUILT_PRODUCTS_DIR; };
		637E61EC1903395200A1350C /* XCTest.framework */ = {isa = PBXFileReference; lastKnownFileType = wrapper.framework; name = XCTest.framework; path = Library/Frameworks/XCTest.framework; sourceTree = DEVELOPER_DIR; };
		637E61F41903395200A1350C /* Money ConverterTests-Info.plist */ = {isa = PBXFileReference; lastKnownFileType = text.plist.xml; path = "Money ConverterTests-Info.plist"; sourceTree = "<group>"; };
		637E61F61903395200A1350C /* en */ = {isa = PBXFileReference; lastKnownFileType = text.plist.strings; name = en; path = en.lproj/InfoPlist.strings; sourceTree = "<group>"; };
		637E61F81903395200A1350C /* Money_ConverterTests.m */ = {isa = PBXFileReference; lastKnownFileType = sourcecode.c.objc; path = Money_ConverterTests.m; sourceTree = "<group>"; };
/* End PBXFileReference section */

/* Begin PBXFrameworksBuildPhase section */
		637E61C71903395200A1350C /* Frameworks */ = {
			isa = PBXFrameworksBuildPhase;
			buildActionMask = 2147483647;
			files = (
				637E61D01903395200A1350C /* CoreGraphics.framework in Frameworks */,
				637E61D21903395200A1350C /* UIKit.framework in Frameworks */,
				637E61CE1903395200A1350C /* Foundation.framework in Frameworks */,
			);
			runOnlyForDeploymentPostprocessing = 0;
		};
		637E61E81903395200A1350C /* Frameworks */ = {
			isa = PBXFrameworksBuildPhase;
			buildActionMask = 2147483647;
			files = (
				637E61ED1903395200A1350C /* XCTest.framework in Frameworks */,
				637E61EF1903395200A1350C /* UIKit.framework in Frameworks */,
				637E61EE1903395200A1350C /* Foundation.framework in Frameworks */,
			);
			runOnlyForDeploymentPostprocessing = 0;
		};
/* End PBXFrameworksBuildPhase section */

/* Begin PBXGroup section */
		637E61C11903395200A1350C = {
			isa = PBXGroup;
			children = (
				637E61D31903395200A1350C /* Money Converter */,
				637E61F21903395200A1350C /* Money ConverterTests */,
				637E61CC1903395200A1350C /* Frameworks */,
				637E61CB1903395200A1350C /* Products */,
			);
			sourceTree = "<group>";
		};
		637E61CB1903395200A1350C /* Products */ = {
			isa = PBXGroup;
			children = (
				637E61CA1903395200A1350C /* Money Converter.app */,
				637E61EB1903395200A1350C /* Money ConverterTests.xctest */,
			);
			name = Products;
			sourceTree = "<group>";
		};
		637E61CC1903395200A1350C /* Frameworks */ = {
			isa = PBXGroup;
			children = (
				637E61CD1903395200A1350C /* Foundation.framework */,
				637E61CF1903395200A1350C /* CoreGraphics.framework */,
				637E61D11903395200A1350C /* UIKit.framework */,
				637E61EC1903395200A1350C /* XCTest.framework */,
			);
			name = Frameworks;
			sourceTree = "<group>";
		};
		637E61D31903395200A1350C /* Money Converter */ = {
			isa = PBXGroup;
			children = (
				637E61DC1903395200A1350C /* JDAppDelegate.h */,
				637E61DD1903395200A1350C /* JDAppDelegate.m */,
				637E61DF1903395200A1350C /* Main.storyboard */,
				637E61E21903395200A1350C /* JDViewController.h */,
				637E61E31903395200A1350C /* JDViewController.m */,
				637E61E51903395200A1350C /* Images.xcassets */,
				637E61D41903395200A1350C /* Supporting Files */,
			);
			path = "Money Converter";
			sourceTree = "<group>";
		};
		637E61D41903395200A1350C /* Supporting Files */ = {
			isa = PBXGroup;
			children = (
				637E61D51903395200A1350C /* Money Converter-Info.plist */,
				637E61D61903395200A1350C /* InfoPlist.strings */,
				637E61D91903395200A1350C /* main.m */,
				637E61DB1903395200A1350C /* Money Converter-Prefix.pch */,
			);
			name = "Supporting Files";
			sourceTree = "<group>";
		};
		637E61F21903395200A1350C /* Money ConverterTests */ = {
			isa = PBXGroup;
			children = (
				637E61F81903395200A1350C /* Money_ConverterTests.m */,
				637E61F31903395200A1350C /* Supporting Files */,
			);
			path = "Money ConverterTests";
			sourceTree = "<group>";
		};
		637E61F31903395200A1350C /* Supporting Files */ = {
			isa = PBXGroup;
			children = (
				637E61F41903395200A1350C /* Money ConverterTests-Info.plist */,
				637E61F51903395200A1350C /* InfoPlist.strings */,
			);
			name = "Supporting Files";
			sourceTree = "<group>";
		};
/* End PBXGroup section */

/* Begin PBXNativeTarget section */
		637E61C91903395200A1350C /* Money Converter */ = {
			isa = PBXNativeTarget;
			buildConfigurationList = 637E61FC1903395200A1350C /* Build configuration list for PBXNativeTarget "Money Converter" */;
			buildPhases = (
				637E61C61903395200A1350C /* Sources */,
				637E61C71903395200A1350C /* Frameworks */,
				637E61C81903395200A1350C /* Resources */,
			);
			buildRules = (
			);
			dependencies = (
			);
			name = "Money Converter";
			productName = "Money Converter";
			productReference = 637E61CA1903395200A1350C /* Money Converter.app */;
			productType = "com.apple.product-type.application";
		};
		637E61EA1903395200A1350C /* Money ConverterTests */ = {
			isa = PBXNativeTarget;
			buildConfigurationList = 637E61FF1903395200A1350C /* Build configuration list for PBXNativeTarget "Money ConverterTests" */;
			buildPhases = (
				637E61E71903395200A1350C /* Sources */,
				637E61E81903395200A1350C /* Frameworks */,
				637E61E91903395200A1350C /* Resources */,
			);
			buildRules = (
			);
			dependencies = (
				637E61F11903395200A1350C /* PBXTargetDependency */,
			);
			name = "Money ConverterTests";
			productName = "Money ConverterTests";
			productReference = 637E61EB1903395200A1350C /* Money ConverterTests.xctest */;
			productType = "com.apple.product-type.bundle.unit-test";
		};
/* End PBXNativeTarget section */

/* Begin PBXProject section */
		637E61C21903395200A1350C /* Project object */ = {
			isa = PBXProject;
			attributes = {
				CLASSPREFIX = JD;
				LastUpgradeCheck = 0510;
				ORGANIZATIONNAME = Justin;
				TargetAttributes = {
					637E61EA1903395200A1350C = {
						TestTargetID = 637E61C91903395200A1350C;
					};
				};
			};
			buildConfigurationList = 637E61C51903395200A1350C /* Build configuration list for PBXProject "Money Converter" */;
			compatibilityVersion = "Xcode 3.2";
			developmentRegion = English;
			hasScannedForEncodings = 0;
			knownRegions = (
				en,
				Base,
			);
			mainGroup = 637E61C11903395200A1350C;
			productRefGroup = 637E61CB1903395200A1350C /* Products */;
			projectDirPath = "";
			projectRoot = "";
			targets = (
				637E61C91903395200A1350C /* Money Converter */,
				637E61EA1903395200A1350C /* Money ConverterTests */,
			);
		};
/* End PBXProject section */

/* Begin PBXResourcesBuildPhase section */
		637E61C81903395200A1350C /* Resources */ = {
			isa = PBXResourcesBuildPhase;
			buildActionMask = 2147483647;
			files = (
				637E61E61903395200A1350C /* Images.xcassets in Resources */,
				637E61D81903395200A1350C /* InfoPlist.strings in Resources */,
				637E61E11903395200A1350C /* Main.storyboard in Resources */,
			);
			runOnlyForDeploymentPostprocessing = 0;
		};
		637E61E91903395200A1350C /* Resources */ = {
			isa = PBXResourcesBuildPhase;
			buildActionMask = 2147483647;
			files = (
				637E61F71903395200A1350C /* InfoPlist.strings in Resources */,
			);
			runOnlyForDeploymentPostprocessing = 0;
		};
/* End PBXResourcesBuildPhase section */

/* Begin PBXSourcesBuildPhase section */
		637E61C61903395200A1350C /* Sources */ = {
			isa = PBXSourcesBuildPhase;
			buildActionMask = 2147483647;
			files = (
				637E61DE1903395200A1350C /* JDAppDelegate.m in Sources */,
				637E61E41903395200A1350C /* JDViewController.m in Sources */,
				637E61DA1903395200A1350C /* main.m in Sources */,
			);
			runOnlyForDeploymentPostprocessing = 0;
		};
		637E61E71903395200A1350C /* Sources */ = {
			isa = PBXSourcesBuildPhase;
			buildActionMask = 2147483647;
			files = (
				637E61F91903395200A1350C /* Money_ConverterTests.m in Sources */,
			);
			runOnlyForDeploymentPostprocessing = 0;
		};
/* End PBXSourcesBuildPhase section */

/* Begin PBXTargetDependency section */
		637E61F11903395200A1350C /* PBXTargetDependency */ = {
			isa = PBXTargetDependency;
			target = 637E61C91903395200A1350C /* Money Converter */;
			targetProxy = 637E61F01903395200A1350C /* PBXContainerItemProxy */;
		};
/* End PBXTargetDependency section */

/* Begin PBXVariantGroup section */
		637E61D61903395200A1350C /* InfoPlist.strings */ = {
			isa = PBXVariantGroup;
			children = (
				637E61D71903395200A1350C /* en */,
			);
			name = InfoPlist.strings;
			sourceTree = "<group>";
		};
		637E61DF1903395200A1350C /* Main.storyboard */ = {
			isa = PBXVariantGroup;
			children = (
				637E61E01903395200A1350C /* Base */,
			);
			name = Main.storyboard;
			sourceTree = "<group>";
		};
		637E61F51903395200A1350C /* InfoPlist.strings */ = {
			isa = PBXVariantGroup;
			children = (
				637E61F61903395200A1350C /* en */,
			);
			name = InfoPlist.strings;
			sourceTree = "<group>";
		};
/* End PBXVariantGroup section */

/* Begin XCBuildConfiguration section */
		637E61FA1903395200A1350C /* Debug */ = {
			isa = XCBuildConfiguration;
			buildSettings = {
				ALWAYS_SEARCH_USER_PATHS = NO;
				CLANG_CXX_LANGUAGE_STANDARD = "gnu++0x";
				CLANG_CXX_LIBRARY = "libc++";
				CLANG_ENABLE_MODULES = YES;
				CLANG_ENABLE_OBJC_ARC = YES;
				CLANG_WARN_BOOL_CONVERSION = YES;
				CLANG_WARN_CONSTANT_CONVERSION = YES;
				CLANG_WARN_DIRECT_OBJC_ISA_USAGE = YES_ERROR;
				CLANG_WARN_EMPTY_BODY = YES;
				CLANG_WARN_ENUM_CONVERSION = YES;
				CLANG_WARN_INT_CONVERSION = YES;
				CLANG_WARN_OBJC_ROOT_CLASS = YES_ERROR;
				CLANG_WARN__DUPLICATE_METHOD_MATCH = YES;
				"CODE_SIGN_IDENTITY[sdk=iphoneos*]" = "iPhone Developer";
				COPY_PHASE_STRIP = NO;
				GCC_C_LANGUAGE_STANDARD = gnu99;
				GCC_DYNAMIC_NO_PIC = NO;
				GCC_OPTIMIZATION_LEVEL = 0;
				GCC_PREPROCESSOR_DEFINITIONS = (
					"DEBUG=1",
					"$(inherited)",
				);
				GCC_SYMBOLS_PRIVATE_EXTERN = NO;
				GCC_WARN_64_TO_32_BIT_CONVERSION = YES;
				GCC_WARN_ABOUT_RETURN_TYPE = YES_ERROR;
				GCC_WARN_UNDECLARED_SELECTOR = YES;
				GCC_WARN_UNINITIALIZED_AUTOS = YES_AGGRESSIVE;
				GCC_WARN_UNUSED_FUNCTION = YES;
				GCC_WARN_UNUSED_VARIABLE = YES;
				IPHONEOS_DEPLOYMENT_TARGET = 7.1;
				ONLY_ACTIVE_ARCH = YES;
				SDKROOT = iphoneos;
			};
			name = Debug;
		};
		637E61FB1903395200A1350C /* Release */ = {
			isa = XCBuildConfiguration;
			buildSettings = {
				ALWAYS_SEARCH_USER_PATHS = NO;
				CLANG_CXX_LANGUAGE_STANDARD = "gnu++0x";
				CLANG_CXX_LIBRARY = "libc++";
				CLANG_ENABLE_MODULES = YES;
				CLANG_ENABLE_OBJC_ARC = YES;
				CLANG_WARN_BOOL_CONVERSION = YES;
				CLANG_WARN_CONSTANT_CONVERSION = YES;
				CLANG_WARN_DIRECT_OBJC_ISA_USAGE = YES_ERROR;
				CLANG_WARN_EMPTY_BODY = YES;
				CLANG_WARN_ENUM_CONVERSION = YES;
				CLANG_WARN_INT_CONVERSION = YES;
				CLANG_WARN_OBJC_ROOT_CLASS = YES_ERROR;
				CLANG_WARN__DUPLICATE_METHOD_MATCH = YES;
				"CODE_SIGN_IDENTITY[sdk=iphoneos*]" = "iPhone Developer";
				COPY_PHASE_STRIP = YES;
				ENABLE_NS_ASSERTIONS = NO;
				GCC_C_LANGUAGE_STANDARD = gnu99;
				GCC_WARN_64_TO_32_BIT_CONVERSION = YES;
				GCC_WARN_ABOUT_RETURN_TYPE = YES_ERROR;
				GCC_WARN_UNDECLARED_SELECTOR = YES;
				GCC_WARN_UNINITIALIZED_AUTOS = YES_AGGRESSIVE;
				GCC_WARN_UNUSED_FUNCTION = YES;
				GCC_WARN_UNUSED_VARIABLE = YES;
				IPHONEOS_DEPLOYMENT_TARGET = 7.1;
				SDKROOT = iphoneos;
				VALIDATE_PRODUCT = YES;
			};
			name = Release;
		};
		637E61FD1903395200A1350C /* Debug */ = {
			isa = XCBuildConfiguration;
			buildSettings = {
				ASSETCATALOG_COMPILER_APPICON_NAME = AppIcon;
				ASSETCATALOG_COMPILER_LAUNCHIMAGE_NAME = LaunchImage;
				GCC_PRECOMPILE_PREFIX_HEADER = YES;
				GCC_PREFIX_HEADER = "Money Converter/Money Converter-Prefix.pch";
				INFOPLIST_FILE = "Money Converter/Money Converter-Info.plist";
				PRODUCT_NAME = "$(TARGET_NAME)";
				WRAPPER_EXTENSION = app;
			};
			name = Debug;
		};
		637E61FE1903395200A1350C /* Release */ = {
			isa = XCBuildConfiguration;
			buildSettings = {
				ASSETCATALOG_COMPILER_APPICON_NAME = AppIcon;
				ASSETCATALOG_COMPILER_LAUNCHIMAGE_NAME = LaunchImage;
				GCC_PRECOMPILE_PREFIX_HEADER = YES;
				GCC_PREFIX_HEADER = "Money Converter/Money Converter-Prefix.pch";
				INFOPLIST_FILE = "Money Converter/Money Converter-Info.plist";
				PRODUCT_NAME = "$(TARGET_NAME)";
				WRAPPER_EXTENSION = app;
			};
			name = Release;
		};
		637E62001903395200A1350C /* Debug */ = {
			isa = XCBuildConfiguration;
			buildSettings = {
				BUNDLE_LOADER = "$(BUILT_PRODUCTS_DIR)/Money Converter.app/Money Converter";
				FRAMEWORK_SEARCH_PATHS = (
					"$(SDKROOT)/Developer/Library/Frameworks",
					"$(inherited)",
					"$(DEVELOPER_FRAMEWORKS_DIR)",
				);
				GCC_PRECOMPILE_PREFIX_HEADER = YES;
				GCC_PREFIX_HEADER = "Money Converter/Money Converter-Prefix.pch";
				GCC_PREPROCESSOR_DEFINITIONS = (
					"DEBUG=1",
					"$(inherited)",
				);
				INFOPLIST_FILE = "Money ConverterTests/Money ConverterTests-Info.plist";
				PRODUCT_NAME = "$(TARGET_NAME)";
				TEST_HOST = "$(BUNDLE_LOADER)";
				WRAPPER_EXTENSION = xctest;
			};
			name = Debug;
		};
		637E62011903395200A1350C /* Release */ = {
			isa = XCBuildConfiguration;
			buildSettings = {
				BUNDLE_LOADER = "$(BUILT_PRODUCTS_DIR)/Money Converter.app/Money Converter";
				FRAMEWORK_SEARCH_PATHS = (
					"$(SDKROOT)/Developer/Library/Frameworks",
					"$(inherited)",
					"$(DEVELOPER_FRAMEWORKS_DIR)",
				);
				GCC_PRECOMPILE_PREFIX_HEADER = YES;
				GCC_PREFIX_HEADER = "Money Converter/Money Converter-Prefix.pch";
				INFOPLIST_FILE = "Money ConverterTests/Money ConverterTests-Info.plist";
				PRODUCT_NAME = "$(TARGET_NAME)";
				TEST_HOST = "$(BUNDLE_LOADER)";
				WRAPPER_EXTENSION = xctest;
			};
			name = Release;
		};
/* End XCBuildConfiguration section */

/* Begin XCConfigurationList section */
		637E61C51903395200A1350C /* Build configuration list for PBXProject "Money Converter" */ = {
			isa = XCConfigurationList;
			buildConfigurations = (
				637E61FA1903395200A1350C /* Debug */,
				637E61FB1903395200A1350C /* Release */,
			);
			defaultConfigurationIsVisible = 0;
			defaultConfigurationName = Release;
		};
		637E61FC1903395200A1350C /* Build configuration list for PBXNativeTarget "Money Converter" */ = {
			isa = XCConfigurationList;
			buildConfigurations = (
				637E61FD1903395200A1350C /* Debug */,
				637E61FE1903395200A1350C /* Release */,
			);
			defaultConfigurationIsVisible = 0;
		};
		637E61FF1903395200A1350C /* Build configuration list for PBXNativeTarget "Money ConverterTests" */ = {
			isa = XCConfigurationList;
			buildConfigurations = (
				637E62001903395200A1350C /* Debug */,
				637E62011903395200A1350C /* Release */,
			);
			defaultConfigurationIsVisible = 0;
		};
/* End XCConfigurationList section */
	};
	rootObject = 637E61C21903395200A1350C /* Project object */;
}
